
Microsoft Visual Studio Solution File, Format Version 12.00
# Visual Studio Version 16
VisualStudioVersion = 16.0.31129.286
MinimumVisualStudioVersion = 10.0.40219.1
Project("{FAE04EC0-301F-11D3-BF4B-00C04F79EFBC}") = "LearningMVCProject", "LearningMVCProject\LearningMVCProject.csproj", "{61C3BD5F-952A-4DCE-A10E-5BD777E1A0BB}"
EndProject
Global
	GlobalSection(SolutionConfigurationPlatforms) = preSolution
		Debug|Any CPU = Debug|Any CPU
		Release|Any CPU = Release|Any CPU
	EndGlobalSection
	GlobalSection(ProjectConfigurationPlatforms) = postSolution
		{61C3BD5F-952A-4DCE-A10E-5BD777E1A0BB}.Debug|Any CPU.ActiveCfg = Debug|Any CPU
		{61C3BD5F-952A-4DCE-A10E-5BD777E1A0BB}.Debug|Any CPU.Build.0 = Debug|Any CPU
		{61C3BD5F-952A-4DCE-A10E-5BD777E1A0BB}.Release|Any CPU.ActiveCfg = Release|Any CPU
		{61C3BD5F-952A-4DCE-A10E-5BD777E1A0BB}.Release|Any CPU.Build.0 = Release|Any CPU
	EndGlobalSection
	GlobalSection(SolutionProperties) = preSolution
		HideSolutionNode = FALSE
	EndGlobalSection
	GlobalSection(ExtensibilityGlobals) = postSolution
		SolutionGuid = {086E3757-4B1F-4909-878A-2FB7180A50CA}
	EndGlobalSection
EndGlobal
